
Microsoft Visual Studio Solution File, Format Version 12.00
# Visual Studio Version 17
VisualStudioVersion = 17.9.34723.18
MinimumVisualStudioVersion = 10.0.40219.1
Project("{FAE04EC0-301F-11D3-BF4B-00C04F79EFBC}") = "practical-work-2", "task1\practical-work-2.csproj", "{3FFD76A2-31D2-4988-BB26-80DA684AAECA}"
EndProject
Global
	GlobalSection(SolutionConfigurationPlatforms) = preSolution
		Debug|Any CPU = Debug|Any CPU
		Release|Any CPU = Release|Any CPU
	EndGlobalSection
	GlobalSection(ProjectConfigurationPlatforms) = postSolution
		{3FFD76A2-31D2-4988-BB26-80DA684AAECA}.Debug|Any CPU.ActiveCfg = Debug|Any CPU
		{3FFD76A2-31D2-4988-BB26-80DA684AAECA}.Debug|Any CPU.Build.0 = Debug|Any CPU
		{3FFD76A2-31D2-4988-BB26-80DA684AAECA}.Release|Any CPU.ActiveCfg = Release|Any CPU
		{3FFD76A2-31D2-4988-BB26-80DA684AAECA}.Release|Any CPU.Build.0 = Release|Any CPU
	EndGlobalSection
	GlobalSection(SolutionProperties) = preSolution
		HideSolutionNode = FALSE
	EndGlobalSection
	GlobalSection(ExtensibilityGlobals) = postSolution
		SolutionGuid = {703455EA-70A2-4B3B-BA22-9DAC0527B8E9}
	EndGlobalSection
EndGlobal
